
Microsoft Visual Studio Solution File, Format Version 12.00
# Visual Studio Version 17
VisualStudioVersion = 17.7.34009.444
MinimumVisualStudioVersion = 10.0.40219.1
Project("{FAE04EC0-301F-11D3-BF4B-00C04F79EFBC}") = "UltraTools", "UltraTools\UltraTools.csproj", "{B88B3A9F-578B-43C8-84BC-280288CBC32C}"
EndProject
Global
	GlobalSection(SolutionConfigurationPlatforms) = preSolution
		Debug|Any CPU = Debug|Any CPU
		Release|Any CPU = Release|Any CPU
	EndGlobalSection
	GlobalSection(ProjectConfigurationPlatforms) = postSolution
		{B88B3A9F-578B-43C8-84BC-280288CBC32C}.Debug|Any CPU.ActiveCfg = Debug|Any CPU
		{B88B3A9F-578B-43C8-84BC-280288CBC32C}.Debug|Any CPU.Build.0 = Debug|Any CPU
		{B88B3A9F-578B-43C8-84BC-280288CBC32C}.Release|Any CPU.ActiveCfg = Release|Any CPU
		{B88B3A9F-578B-43C8-84BC-280288CBC32C}.Release|Any CPU.Build.0 = Release|Any CPU
	EndGlobalSection
	GlobalSection(SolutionProperties) = preSolution
		HideSolutionNode = FALSE
	EndGlobalSection
	GlobalSection(ExtensibilityGlobals) = postSolution
		SolutionGuid = {F19B6AFE-6D2C-4A98-B3CC-17460DBE06B7}
	EndGlobalSection
EndGlobal
